{
  "name": "game-statemachine",
  "version": "1.0.0",
  "lockfileVersion": 3,
  "requires": true,
  "packages": {
    "": {
      "name": "game-statemachine",
      "version": "1.0.0",
      "license": "ISC",
      "dependencies": {
        "@rimbu/core": "^2.0.2",
        "xstate": "^5.13.1"
      },
      "devDependencies": {
        "typescript": "^5.4.5"
      }
    },
    "node_modules/@rimbu/base": {
      "version": "2.0.1",
      "resolved": "https://registry.npmjs.org/@rimbu/base/-/base-2.0.1.tgz",
      "integrity": "sha512-f1QWThQ+u/ay2bZaadOajgr1UGj1g8JKtcCTYLDgXSsMv5f6d6whnlw5CUvEJ6Rzf1gXHGjJUE6QV3tnbWanGQ==",
      "funding": [
        {
          "type": "individual",
          "url": "https://github.com/sponsors/vitoke"
        }
      ],
      "dependencies": {
        "@rimbu/common": "^2.0.1"
      }
    },
    "node_modules/@rimbu/bimap": {
      "version": "2.0.2",
      "resolved": "https://registry.npmjs.org/@rimbu/bimap/-/bimap-2.0.2.tgz",
      "integrity": "sha512-W7FtOoa71r4Du7tNWuadNqnPqqCgeqFp6MBVcposoRDJVnrWC3tC73AIxWT4sXbb04jfrQVLHObVKuEu/OcT9w==",
      "funding": [
        {
          "type": "individual",
          "url": "https://github.com/sponsors/vitoke"
        }
      ],
      "dependencies": {
        "@rimbu/base": "^2.0.1",
        "@rimbu/collection-types": "^2.1.1",
        "@rimbu/common": "^2.0.1",
        "@rimbu/hashed": "^2.1.1",
        "@rimbu/stream": "^2.2.0",
        "tslib": "^2.6.2"
      }
    },
    "node_modules/@rimbu/bimultimap": {
      "version": "2.1.0",
      "resolved": "https://registry.npmjs.org/@rimbu/bimultimap/-/bimultimap-2.1.0.tgz",
      "integrity": "sha512-bc0f3y0/ioh63CEK94o74PfCQ2Vgc5Zg7dJih/KY3iyUENz3IAEGcBRWNR5Y4tuut/GRtyH1XPXLSBoWPJJQZA==",
      "funding": [
        {
          "type": "individual",
          "url": "https://github.com/sponsors/vitoke"
        }
      ],
      "dependencies": {
        "@rimbu/base": "^2.0.1",
        "@rimbu/collection-types": "^2.1.1",
        "@rimbu/common": "^2.0.1",
        "@rimbu/hashed": "^2.1.1",
        "@rimbu/multimap": "^2.1.0",
        "@rimbu/sorted": "^2.1.1",
        "@rimbu/stream": "^2.2.0",
        "tslib": "^2.6.2"
      }
    },
    "node_modules/@rimbu/collection-types": {
      "version": "2.1.1",
      "resolved": "https://registry.npmjs.org/@rimbu/collection-types/-/collection-types-2.1.1.tgz",
      "integrity": "sha512-2ScV6qQbYratXOc4gpwUscpvzo44G4U4hb29YyIe7p2+LqdH2rs6MMXPgxeTcesLDX9Rf1bTh8r5VtgZN3LHmA==",
      "funding": [
        {
          "type": "individual",
          "url": "https://github.com/sponsors/vitoke"
        }
      ],
      "dependencies": {
        "@rimbu/base": "^2.0.1",
        "@rimbu/common": "^2.0.1",
        "@rimbu/stream": "^2.2.0",
        "tslib": "^2.6.2"
      }
    },
    "node_modules/@rimbu/common": {
      "version": "2.0.1",
      "resolved": "https://registry.npmjs.org/@rimbu/common/-/common-2.0.1.tgz",
      "integrity": "sha512-ZcRwagoBqlr7uXmkIEHdT9eXgWH9wJA9P5PTJ8+yn9kKvOq1Db2B8A8Q/uiHkcWXgXO3DwExtoGxPNk+pyWEyw==",
      "funding": [
        {
          "type": "individual",
          "url": "https://github.com/sponsors/vitoke"
        }
      ],
      "dependencies": {
        "tslib": "^2.6.2"
      }
    },
    "node_modules/@rimbu/core": {
      "version": "2.0.2",
      "resolved": "https://registry.npmjs.org/@rimbu/core/-/core-2.0.2.tgz",
      "integrity": "sha512-3Y2ygA8imwNxQt7+plZ+L/tbwduuzvYDqbec4LeBI/4gpSwsdd8mwLdzebyJFA9rCLzv0l0mc8XbmmXnmgZsJw==",
      "funding": [
        {
          "type": "individual",
          "url": "https://github.com/sponsors/vitoke"
        }
      ],
      "dependencies": {
        "@rimbu/bimap": "^2.0.2",
        "@rimbu/bimultimap": "^2.1.0",
        "@rimbu/collection-types": "^2.1.1",
        "@rimbu/common": "^2.0.1",
        "@rimbu/deep": "^2.0.1",
        "@rimbu/graph": "^2.0.2",
        "@rimbu/hashed": "^2.1.1",
        "@rimbu/list": "^2.1.1",
        "@rimbu/multimap": "^2.1.0",
        "@rimbu/multiset": "^2.1.1",
        "@rimbu/ordered": "^2.1.1",
        "@rimbu/proximity": "^2.0.2",
        "@rimbu/sorted": "^2.1.1",
        "@rimbu/stream": "^2.2.0",
        "@rimbu/table": "^2.1.0",
        "tslib": "^2.6.2"
      }
    },
    "node_modules/@rimbu/deep": {
      "version": "2.0.1",
      "resolved": "https://registry.npmjs.org/@rimbu/deep/-/deep-2.0.1.tgz",
      "integrity": "sha512-vMfSpZQBNWhIhny9Z0LMBnL2xsKnwxsMgnKsg6iHBk+YYSdrQvaKSRFR4i5j/Vi8Oe0kOSJiWNhG+tvSMUqbvw==",
      "funding": [
        {
          "type": "individual",
          "url": "https://github.com/sponsors/vitoke"
        }
      ],
      "dependencies": {
        "@rimbu/base": "^2.0.1",
        "@rimbu/common": "^2.0.1",
        "tslib": "^2.6.2"
      }
    },
    "node_modules/@rimbu/graph": {
      "version": "2.0.2",
      "resolved": "https://registry.npmjs.org/@rimbu/graph/-/graph-2.0.2.tgz",
      "integrity": "sha512-U19vggQHQjGzQGue8L8asdMJPrK3V+CZ1mW8z4dc+4sHK0eprOXnQCwOUM0p1pZUcor3KUf68iIqu7uteRy34Q==",
      "funding": [
        {
          "type": "individual",
          "url": "https://github.com/sponsors/vitoke"
        }
      ],
      "dependencies": {
        "@rimbu/base": "^2.0.1",
        "@rimbu/collection-types": "^2.1.1",
        "@rimbu/common": "^2.0.1",
        "@rimbu/hashed": "^2.1.1",
        "@rimbu/sorted": "^2.1.1",
        "@rimbu/stream": "^2.2.0",
        "tslib": "^2.6.2"
      }
    },
    "node_modules/@rimbu/hashed": {
      "version": "2.1.1",
      "resolved": "https://registry.npmjs.org/@rimbu/hashed/-/hashed-2.1.1.tgz",
      "integrity": "sha512-VwX+l8wSZMSfKKUA38Kf6T5fa2wklGO24kRy6MEd3zPzFiC6ZK3cB8z3EkUxt9TixOLj74CeymI8f9QuTZsNAQ==",
      "funding": [
        {
          "type": "individual",
          "url": "https://github.com/sponsors/vitoke"
        }
      ],
      "dependencies": {
        "@rimbu/base": "^2.0.1",
        "@rimbu/collection-types": "^2.1.1",
        "@rimbu/common": "^2.0.1",
        "@rimbu/list": "^2.1.1",
        "@rimbu/stream": "^2.2.0",
        "tslib": "^2.6.2"
      }
    },
    "node_modules/@rimbu/list": {
      "version": "2.1.1",
      "resolved": "https://registry.npmjs.org/@rimbu/list/-/list-2.1.1.tgz",
      "integrity": "sha512-cD46RyJmi3rdTVS4iL2V9YobAPbvBKzRVndnHvNcR1oHp4Wea3FL53k2MgYO9y8G0DPf2qMxogvhQo+gcgSx3Q==",
      "funding": [
        {
          "type": "individual",
          "url": "https://github.com/sponsors/vitoke"
        }
      ],
      "dependencies": {
        "@rimbu/base": "^2.0.1",
        "@rimbu/collection-types": "^2.1.1",
        "@rimbu/common": "^2.0.1",
        "@rimbu/stream": "^2.2.0",
        "tslib": "^2.6.2"
      }
    },
    "node_modules/@rimbu/multimap": {
      "version": "2.1.0",
      "resolved": "https://registry.npmjs.org/@rimbu/multimap/-/multimap-2.1.0.tgz",
      "integrity": "sha512-MQqZVnv6poj+aA9CbbSAIHNeLK9W8O+5S2gD/XD+M2NSAx5OA1k7j1ZXyDQKqOoSm57ACr7GkcTLmnzLYGm/Dg==",
      "funding": [
        {
          "type": "individual",
          "url": "https://github.com/sponsors/vitoke"
        }
      ],
      "dependencies": {
        "@rimbu/base": "^2.0.1",
        "@rimbu/collection-types": "^2.1.1",
        "@rimbu/common": "^2.0.1",
        "@rimbu/hashed": "^2.1.1",
        "@rimbu/sorted": "^2.1.1",
        "@rimbu/stream": "^2.2.0",
        "tslib": "^2.6.2"
      }
    },
    "node_modules/@rimbu/multiset": {
      "version": "2.1.1",
      "resolved": "https://registry.npmjs.org/@rimbu/multiset/-/multiset-2.1.1.tgz",
      "integrity": "sha512-cnZLOB+9iNFMihc9bgVaQX3G0bvcL/M4FPTZYxsq/kfEL4BAQYWLgyDN16Hs1qNVXScmqlYl3TkwtaGnA4tb8w==",
      "funding": [
        {
          "type": "individual",
          "url": "https://github.com/sponsors/vitoke"
        }
      ],
      "dependencies": {
        "@rimbu/base": "^2.0.1",
        "@rimbu/collection-types": "^2.1.1",
        "@rimbu/common": "^2.0.1",
        "@rimbu/hashed": "^2.1.1",
        "@rimbu/sorted": "^2.1.1",
        "@rimbu/stream": "^2.2.0",
        "tslib": "^2.6.2"
      }
    },
    "node_modules/@rimbu/ordered": {
      "version": "2.1.1",
      "resolved": "https://registry.npmjs.org/@rimbu/ordered/-/ordered-2.1.1.tgz",
      "integrity": "sha512-O3OmEHrzsorJmZCVLeJMCpYtgoxL5Lr9Nk41gSoG7uTjTPPtjVvWsIUBhTS4qTmy+KqwUnHxyxu3YntzDbmGRA==",
      "funding": [
        {
          "type": "individual",
          "url": "https://github.com/sponsors/vitoke"
        }
      ],
      "dependencies": {
        "@rimbu/base": "^2.0.1",
        "@rimbu/collection-types": "^2.1.1",
        "@rimbu/common": "^2.0.1",
        "@rimbu/hashed": "^2.1.1",
        "@rimbu/list": "^2.1.1",
        "@rimbu/sorted": "^2.1.1",
        "@rimbu/stream": "^2.2.0",
        "tslib": "^2.6.2"
      }
    },
    "node_modules/@rimbu/proximity": {
      "version": "2.0.2",
      "resolved": "https://registry.npmjs.org/@rimbu/proximity/-/proximity-2.0.2.tgz",
      "integrity": "sha512-19MR/fLbVX0nHHZIv5PkY/zuhmHXQsxooaN06cq5g3NrsvCtiHM/mBbRcZkH5LOWm29LMoqcWBbmn7XKB4uZBA==",
      "funding": [
        {
          "type": "individual",
          "url": "https://github.com/sponsors/vitoke"
        }
      ],
      "dependencies": {
        "@rimbu/base": "^2.0.1",
        "@rimbu/collection-types": "^2.1.1",
        "@rimbu/common": "^2.0.1",
        "@rimbu/hashed": "^2.1.1",
        "@rimbu/stream": "^2.2.0",
        "tslib": "^2.6.2"
      }
    },
    "node_modules/@rimbu/sorted": {
      "version": "2.1.1",
      "resolved": "https://registry.npmjs.org/@rimbu/sorted/-/sorted-2.1.1.tgz",
      "integrity": "sha512-pG1LpgXlC6sLrWu76J/eZCMM/6fQTU7jtabiofEZ6lATHsM71OH7ayiLT5sk6NhsF9nHV3TVPeiztwZ3IZg1iQ==",
      "funding": [
        {
          "type": "individual",
          "url": "https://github.com/sponsors/vitoke"
        }
      ],
      "dependencies": {
        "@rimbu/base": "^2.0.1",
        "@rimbu/collection-types": "^2.1.1",
        "@rimbu/common": "^2.0.1",
        "@rimbu/stream": "^2.2.0",
        "tslib": "^2.6.2"
      }
    },
    "node_modules/@rimbu/stream": {
      "version": "2.2.0",
      "resolved": "https://registry.npmjs.org/@rimbu/stream/-/stream-2.2.0.tgz",
      "integrity": "sha512-+NNdHuB0AJbAhtLlUQhOY95/KA0dqRouAjgK0vKCabdjf2VoxiAgMxiPg3XT3WuUhLa+fjuA36pVxn8aKQUqJg==",
      "funding": [
        {
          "type": "individual",
          "url": "https://github.com/sponsors/vitoke"
        }
      ],
      "dependencies": {
        "@rimbu/base": "^2.0.1",
        "@rimbu/common": "^2.0.1",
        "tslib": "^2.6.2"
      }
    },
    "node_modules/@rimbu/table": {
      "version": "2.1.0",
      "resolved": "https://registry.npmjs.org/@rimbu/table/-/table-2.1.0.tgz",
      "integrity": "sha512-J8dtEiDw6viZgbPYDFrGoHsB0/0dG+Cba/Dkg85VXZXu6GC4N5lNUy2L4lY78dtwbQaLNTbWkrNtm3PPHQTfcA==",
      "funding": [
        {
          "type": "individual",
          "url": "https://github.com/sponsors/vitoke"
        }
      ],
      "dependencies": {
        "@rimbu/base": "^2.0.1",
        "@rimbu/collection-types": "^2.1.1",
        "@rimbu/common": "^2.0.1",
        "@rimbu/hashed": "^2.1.1",
        "@rimbu/sorted": "^2.1.1",
        "@rimbu/stream": "^2.2.0",
        "tslib": "^2.6.2"
      }
    },
    "node_modules/tslib": {
      "version": "2.6.3",
      "resolved": "https://registry.npmjs.org/tslib/-/tslib-2.6.3.tgz",
      "integrity": "sha512-xNvxJEOUiWPGhUuUdQgAJPKOOJfGnIyKySOc09XkKsgdUV/3E2zvwZYdejjmRgPCgcym1juLH3226yA7sEFJKQ=="
    },
    "node_modules/typescript": {
      "version": "5.4.5",
      "resolved": "https://registry.npmjs.org/typescript/-/typescript-5.4.5.tgz",
      "integrity": "sha512-vcI4UpRgg81oIRUFwR0WSIHKt11nJ7SAVlYNIu+QpqeyXP+gpQJy/Z4+F0aGxSE4MqwjyXvW/TzgkLAx2AGHwQ==",
      "dev": true,
      "bin": {
        "tsc": "bin/tsc",
        "tsserver": "bin/tsserver"
      },
      "engines": {
        "node": ">=14.17"
      }
    },
    "node_modules/xstate": {
      "version": "5.13.1",
      "resolved": "https://registry.npmjs.org/xstate/-/xstate-5.13.1.tgz",
      "integrity": "sha512-saBUxsTb29Vq8bjq1TjLdGCYs2pneGMzQ7pqQyXh1nqZaSnKHkCkxf3EV+EDYbLnQioxK9HNMYPQrz4whj3RJQ==",
      "funding": {
        "type": "opencollective",
        "url": "https://opencollective.com/xstate"
      }
    }
  }
}
